// !$*UTF8*$!
{
	archiveVersion = 1;
	classes = {
	};
	objectVersion = 55;
	objects = {

/* Begin PBXBuildFile section */
		4718B2E427ACBD2B00B15279 /* UI_448App.swift in Sources */ = {isa = PBXBuildFile; fileRef = 4718B2E327ACBD2B00B15279 /* UI_448App.swift */; };
		4718B2E627ACBD2B00B15279 /* ContentView.swift in Sources */ = {isa = PBXBuildFile; fileRef = 4718B2E527ACBD2B00B15279 /* ContentView.swift */; };
		4718B2E827ACBD2C00B15279 /* Assets.xcassets in Resources */ = {isa = PBXBuildFile; fileRef = 4718B2E727ACBD2C00B15279 /* Assets.xcassets */; };
		4718B2EB27ACBD2C00B15279 /* Preview Assets.xcassets in Resources */ = {isa = PBXBuildFile; fileRef = 4718B2EA27ACBD2C00B15279 /* Preview Assets.xcassets */; };
		4718B2F527ACBD2C00B15279 /* UI_448Tests.swift in Sources */ = {isa = PBXBuildFile; fileRef = 4718B2F427ACBD2C00B15279 /* UI_448Tests.swift */; };
		4718B2FF27ACBD2C00B15279 /* UI_448UITests.swift in Sources */ = {isa = PBXBuildFile; fileRef = 4718B2FE27ACBD2C00B15279 /* UI_448UITests.swift */; };
		4718B30127ACBD2C00B15279 /* UI_448UITestsLaunchTests.swift in Sources */ = {isa = PBXBuildFile; fileRef = 4718B30027ACBD2C00B15279 /* UI_448UITestsLaunchTests.swift */; };
		4718B30F27ACBD3A00B15279 /* Home.swift in Sources */ = {isa = PBXBuildFile; fileRef = 4718B30E27ACBD3A00B15279 /* Home.swift */; };
		4718B31327ACC14200B15279 /* extensions.swift in Sources */ = {isa = PBXBuildFile; fileRef = 4718B31227ACC14200B15279 /* extensions.swift */; };
		4718B31527ACD0A500B15279 /* ShareView.swift in Sources */ = {isa = PBXBuildFile; fileRef = 4718B31427ACD0A500B15279 /* ShareView.swift */; };
/* End PBXBuildFile section */

/* Begin PBXContainerItemProxy section */
		4718B2F127ACBD2C00B15279 /* PBXContainerItemProxy */ = {
			isa = PBXContainerItemProxy;
			containerPortal = 4718B2D827ACBD2B00B15279 /* Project object */;
			proxyType = 1;
			remoteGlobalIDString = 4718B2DF27ACBD2B00B15279;
			remoteInfo = "UI-448";
		};
		4718B2FB27ACBD2C00B15279 /* PBXContainerItemProxy */ = {
			isa = PBXContainerItemProxy;
			containerPortal = 4718B2D827ACBD2B00B15279 /* Project object */;
			proxyType = 1;
			remoteGlobalIDString = 4718B2DF27ACBD2B00B15279;
			remoteInfo = "UI-448";
		};
/* End PBXContainerItemProxy section */

/* Begin PBXFileReference section */
		4718B2E027ACBD2B00B15279 /* UI-448.app */ = {isa = PBXFileReference; explicitFileType = wrapper.application; includeInIndex = 0; path = "UI-448.app"; sourceTree = BUILT_PRODUCTS_DIR; };
		4718B2E327ACBD2B00B15279 /* UI_448App.swift */ = {isa = PBXFileReference; lastKnownFileType = sourcecode.swift; path = UI_448App.swift; sourceTree = "<group>"; };
		4718B2E527ACBD2B00B15279 /* ContentView.swift */ = {isa = PBXFileReference; lastKnownFileType = sourcecode.swift; path = ContentView.swift; sourceTree = "<group>"; };
		4718B2E727ACBD2C00B15279 /* Assets.xcassets */ = {isa = PBXFileReference; lastKnownFileType = folder.assetcatalog; path = Assets.xcassets; sourceTree = "<group>"; };
		4718B2EA27ACBD2C00B15279 /* Preview Assets.xcassets */ = {isa = PBXFileReference; lastKnownFileType = folder.assetcatalog; path = "Preview Assets.xcassets"; sourceTree = "<group>"; };
		4718B2F027ACBD2C00B15279 /* UI-448Tests.xctest */ = {isa = PBXFileReference; explicitFileType = wrapper.cfbundle; includeInIndex = 0; path = "UI-448Tests.xctest"; sourceTree = BUILT_PRODUCTS_DIR; };
		4718B2F427ACBD2C00B15279 /* UI_448Tests.swift */ = {isa = PBXFileReference; lastKnownFileType = sourcecode.swift; path = UI_448Tests.swift; sourceTree = "<group>"; };
		4718B2FA27ACBD2C00B15279 /* UI-448UITests.xctest */ = {isa = PBXFileReference; explicitFileType = wrapper.cfbundle; includeInIndex = 0; path = "UI-448UITests.xctest"; sourceTree = BUILT_PRODUCTS_DIR; };
		4718B2FE27ACBD2C00B15279 /* UI_448UITests.swift */ = {isa = PBXFileReference; lastKnownFileType = sourcecode.swift; path = UI_448UITests.swift; sourceTree = "<group>"; };
		4718B30027ACBD2C00B15279 /* UI_448UITestsLaunchTests.swift */ = {isa = PBXFileReference; lastKnownFileType = sourcecode.swift; path = UI_448UITestsLaunchTests.swift; sourceTree = "<group>"; };
		4718B30E27ACBD3A00B15279 /* Home.swift */ = {isa = PBXFileReference; lastKnownFileType = sourcecode.swift; path = Home.swift; sourceTree = "<group>"; };
		4718B31227ACC14200B15279 /* extensions.swift */ = {isa = PBXFileReference; lastKnownFileType = sourcecode.swift; path = extensions.swift; sourceTree = "<group>"; };
		4718B31427ACD0A500B15279 /* ShareView.swift */ = {isa = PBXFileReference; lastKnownFileType = sourcecode.swift; path = ShareView.swift; sourceTree = "<group>"; };
/* End PBXFileReference section */

/* Begin PBXFrameworksBuildPhase section */
		4718B2DD27ACBD2B00B15279 /* Frameworks */ = {
			isa = PBXFrameworksBuildPhase;
			buildActionMask = 2147483647;
			files = (
			);
			runOnlyForDeploymentPostprocessing = 0;
		};
		4718B2ED27ACBD2C00B15279 /* Frameworks */ = {
			isa = PBXFrameworksBuildPhase;
			buildActionMask = 2147483647;
			files = (
			);
			runOnlyForDeploymentPostprocessing = 0;
		};
		4718B2F727ACBD2C00B15279 /* Frameworks */ = {
			isa = PBXFrameworksBuildPhase;
			buildActionMask = 2147483647;
			files = (
			);
			runOnlyForDeploymentPostprocessing = 0;
		};
/* End PBXFrameworksBuildPhase section */

/* Begin PBXGroup section */
		4718B2D727ACBD2B00B15279 = {
			isa = PBXGroup;
			children = (
				4718B2E227ACBD2B00B15279 /* UI-448 */,
				4718B2F327ACBD2C00B15279 /* UI-448Tests */,
				4718B2FD27ACBD2C00B15279 /* UI-448UITests */,
				4718B2E127ACBD2B00B15279 /* Products */,
			);
			sourceTree = "<group>";
		};
		4718B2E127ACBD2B00B15279 /* Products */ = {
			isa = PBXGroup;
			children = (
				4718B2E027ACBD2B00B15279 /* UI-448.app */,
				4718B2F027ACBD2C00B15279 /* UI-448Tests.xctest */,
				4718B2FA27ACBD2C00B15279 /* UI-448UITests.xctest */,
			);
			name = Products;
			sourceTree = "<group>";
		};
		4718B2E227ACBD2B00B15279 /* UI-448 */ = {
			isa = PBXGroup;
			children = (
				4718B31127ACC13400B15279 /* Helpers */,
				4718B30D27ACBD3500B15279 /* View */,
				4718B2E327ACBD2B00B15279 /* UI_448App.swift */,
				4718B2E527ACBD2B00B15279 /* ContentView.swift */,
				4718B2E727ACBD2C00B15279 /* Assets.xcassets */,
				4718B2E927ACBD2C00B15279 /* Preview Content */,
			);
			path = "UI-448";
			sourceTree = "<group>";
		};
		4718B2E927ACBD2C00B15279 /* Preview Content */ = {
			isa = PBXGroup;
			children = (
				4718B2EA27ACBD2C00B15279 /* Preview Assets.xcassets */,
			);
			path = "Preview Content";
			sourceTree = "<group>";
		};
		4718B2F327ACBD2C00B15279 /* UI-448Tests */ = {
			isa = PBXGroup;
			children = (
				4718B2F427ACBD2C00B15279 /* UI_448Tests.swift */,
			);
			path = "UI-448Tests";
			sourceTree = "<group>";
		};
		4718B2FD27ACBD2C00B15279 /* UI-448UITests */ = {
			isa = PBXGroup;
			children = (
				4718B2FE27ACBD2C00B15279 /* UI_448UITests.swift */,
				4718B30027ACBD2C00B15279 /* UI_448UITestsLaunchTests.swift */,
			);
			path = "UI-448UITests";
			sourceTree = "<group>";
		};
		4718B30D27ACBD3500B15279 /* View */ = {
			isa = PBXGroup;
			children = (
				4718B30E27ACBD3A00B15279 /* Home.swift */,
				4718B31427ACD0A500B15279 /* ShareView.swift */,
			);
			path = View;
			sourceTree = "<group>";
		};
		4718B31127ACC13400B15279 /* Helpers */ = {
			isa = PBXGroup;
			children = (
				4718B31227ACC14200B15279 /* extensions.swift */,
			);
			path = Helpers;
			sourceTree = "<group>";
		};
/* End PBXGroup section */

/* Begin PBXNativeTarget section */
		4718B2DF27ACBD2B00B15279 /* UI-448 */ = {
			isa = PBXNativeTarget;
			buildConfigurationList = 4718B30427ACBD2C00B15279 /* Build configuration list for PBXNativeTarget "UI-448" */;
			buildPhases = (
				4718B2DC27ACBD2B00B15279 /* Sources */,
				4718B2DD27ACBD2B00B15279 /* Frameworks */,
				4718B2DE27ACBD2B00B15279 /* Resources */,
			);
			buildRules = (
			);
			dependencies = (
			);
			name = "UI-448";
			productName = "UI-448";
			productReference = 4718B2E027ACBD2B00B15279 /* UI-448.app */;
			productType = "com.apple.product-type.application";
		};
		4718B2EF27ACBD2C00B15279 /* UI-448Tests */ = {
			isa = PBXNativeTarget;
			buildConfigurationList = 4718B30727ACBD2C00B15279 /* Build configuration list for PBXNativeTarget "UI-448Tests" */;
			buildPhases = (
				4718B2EC27ACBD2C00B15279 /* Sources */,
				4718B2ED27ACBD2C00B15279 /* Frameworks */,
				4718B2EE27ACBD2C00B15279 /* Resources */,
			);
			buildRules = (
			);
			dependencies = (
				4718B2F227ACBD2C00B15279 /* PBXTargetDependency */,
			);
			name = "UI-448Tests";
			productName = "UI-448Tests";
			productReference = 4718B2F027ACBD2C00B15279 /* UI-448Tests.xctest */;
			productType = "com.apple.product-type.bundle.unit-test";
		};
		4718B2F927ACBD2C00B15279 /* UI-448UITests */ = {
			isa = PBXNativeTarget;
			buildConfigurationList = 4718B30A27ACBD2C00B15279 /* Build configuration list for PBXNativeTarget "UI-448UITests" */;
			buildPhases = (
				4718B2F627ACBD2C00B15279 /* Sources */,
				4718B2F727ACBD2C00B15279 /* Frameworks */,
				4718B2F827ACBD2C00B15279 /* Resources */,
			);
			buildRules = (
			);
			dependencies = (
				4718B2FC27ACBD2C00B15279 /* PBXTargetDependency */,
			);
			name = "UI-448UITests";
			productName = "UI-448UITests";
			productReference = 4718B2FA27ACBD2C00B15279 /* UI-448UITests.xctest */;
			productType = "com.apple.product-type.bundle.ui-testing";
		};
/* End PBXNativeTarget section */

/* Begin PBXProject section */
		4718B2D827ACBD2B00B15279 /* Project object */ = {
			isa = PBXProject;
			attributes = {
				BuildIndependentTargetsInParallel = 1;
				LastSwiftUpdateCheck = 1320;
				LastUpgradeCheck = 1320;
				TargetAttributes = {
					4718B2DF27ACBD2B00B15279 = {
						CreatedOnToolsVersion = 13.2.1;
					};
					4718B2EF27ACBD2C00B15279 = {
						CreatedOnToolsVersion = 13.2.1;
						TestTargetID = 4718B2DF27ACBD2B00B15279;
					};
					4718B2F927ACBD2C00B15279 = {
						CreatedOnToolsVersion = 13.2.1;
						TestTargetID = 4718B2DF27ACBD2B00B15279;
					};
				};
			};
			buildConfigurationList = 4718B2DB27ACBD2B00B15279 /* Build configuration list for PBXProject "UI-448" */;
			compatibilityVersion = "Xcode 13.0";
			developmentRegion = en;
			hasScannedForEncodings = 0;
			knownRegions = (
				en,
				Base,
			);
			mainGroup = 4718B2D727ACBD2B00B15279;
			productRefGroup = 4718B2E127ACBD2B00B15279 /* Products */;
			projectDirPath = "";
			projectRoot = "";
			targets = (
				4718B2DF27ACBD2B00B15279 /* UI-448 */,
				4718B2EF27ACBD2C00B15279 /* UI-448Tests */,
				4718B2F927ACBD2C00B15279 /* UI-448UITests */,
			);
		};
/* End PBXProject section */

/* Begin PBXResourcesBuildPhase section */
		4718B2DE27ACBD2B00B15279 /* Resources */ = {
			isa = PBXResourcesBuildPhase;
			buildActionMask = 2147483647;
			files = (
				4718B2EB27ACBD2C00B15279 /* Preview Assets.xcassets in Resources */,
				4718B2E827ACBD2C00B15279 /* Assets.xcassets in Resources */,
			);
			runOnlyForDeploymentPostprocessing = 0;
		};
		4718B2EE27ACBD2C00B15279 /* Resources */ = {
			isa = PBXResourcesBuildPhase;
			buildActionMask = 2147483647;
			files = (
			);
			runOnlyForDeploymentPostprocessing = 0;
		};
		4718B2F827ACBD2C00B15279 /* Resources */ = {
			isa = PBXResourcesBuildPhase;
			buildActionMask = 2147483647;
			files = (
			);
			runOnlyForDeploymentPostprocessing = 0;
		};
/* End PBXResourcesBuildPhase section */

/* Begin PBXSourcesBuildPhase section */
		4718B2DC27ACBD2B00B15279 /* Sources */ = {
			isa = PBXSourcesBuildPhase;
			buildActionMask = 2147483647;
			files = (
				4718B31527ACD0A500B15279 /* ShareView.swift in Sources */,
				4718B2E627ACBD2B00B15279 /* ContentView.swift in Sources */,
				4718B30F27ACBD3A00B15279 /* Home.swift in Sources */,
				4718B2E427ACBD2B00B15279 /* UI_448App.swift in Sources */,
				4718B31327ACC14200B15279 /* extensions.swift in Sources */,
			);
			runOnlyForDeploymentPostprocessing = 0;
		};
		4718B2EC27ACBD2C00B15279 /* Sources */ = {
			isa = PBXSourcesBuildPhase;
			buildActionMask = 2147483647;
			files = (
				4718B2F527ACBD2C00B15279 /* UI_448Tests.swift in Sources */,
			);
			runOnlyForDeploymentPostprocessing = 0;
		};
		4718B2F627ACBD2C00B15279 /* Sources */ = {
			isa = PBXSourcesBuildPhase;
			buildActionMask = 2147483647;
			files = (
				4718B2FF27ACBD2C00B15279 /* UI_448UITests.swift in Sources */,
				4718B30127ACBD2C00B15279 /* UI_448UITestsLaunchTests.swift in Sources */,
			);
			runOnlyForDeploymentPostprocessing = 0;
		};
/* End PBXSourcesBuildPhase section */

/* Begin PBXTargetDependency section */
		4718B2F227ACBD2C00B15279 /* PBXTargetDependency */ = {
			isa = PBXTargetDependency;
			target = 4718B2DF27ACBD2B00B15279 /* UI-448 */;
			targetProxy = 4718B2F127ACBD2C00B15279 /* PBXContainerItemProxy */;
		};
		4718B2FC27ACBD2C00B15279 /* PBXTargetDependency */ = {
			isa = PBXTargetDependency;
			target = 4718B2DF27ACBD2B00B15279 /* UI-448 */;
			targetProxy = 4718B2FB27ACBD2C00B15279 /* PBXContainerItemProxy */;
		};
/* End PBXTargetDependency section */

/* Begin XCBuildConfiguration section */
		4718B30227ACBD2C00B15279 /* Debug */ = {
			isa = XCBuildConfiguration;
			buildSettings = {
				ALWAYS_SEARCH_USER_PATHS = NO;
				CLANG_ANALYZER_NONNULL = YES;
				CLANG_ANALYZER_NUMBER_OBJECT_CONVERSION = YES_AGGRESSIVE;
				CLANG_CXX_LANGUAGE_STANDARD = "gnu++17";
				CLANG_CXX_LIBRARY = "libc++";
				CLANG_ENABLE_MODULES = YES;
				CLANG_ENABLE_OBJC_ARC = YES;
				CLANG_ENABLE_OBJC_WEAK = YES;
				CLANG_WARN_BLOCK_CAPTURE_AUTORELEASING = YES;
				CLANG_WARN_BOOL_CONVERSION = YES;
				CLANG_WARN_COMMA = YES;
				CLANG_WARN_CONSTANT_CONVERSION = YES;
				CLANG_WARN_DEPRECATED_OBJC_IMPLEMENTATIONS = YES;
				CLANG_WARN_DIRECT_OBJC_ISA_USAGE = YES_ERROR;
				CLANG_WARN_DOCUMENTATION_COMMENTS = YES;
				CLANG_WARN_EMPTY_BODY = YES;
				CLANG_WARN_ENUM_CONVERSION = YES;
				CLANG_WARN_INFINITE_RECURSION = YES;
				CLANG_WARN_INT_CONVERSION = YES;
				CLANG_WARN_NON_LITERAL_NULL_CONVERSION = YES;
				CLANG_WARN_OBJC_IMPLICIT_RETAIN_SELF = YES;
				CLANG_WARN_OBJC_LITERAL_CONVERSION = YES;
				CLANG_WARN_OBJC_ROOT_CLASS = YES_ERROR;
				CLANG_WARN_QUOTED_INCLUDE_IN_FRAMEWORK_HEADER = YES;
				CLANG_WARN_RANGE_LOOP_ANALYSIS = YES;
				CLANG_WARN_STRICT_PROTOTYPES = YES;
				CLANG_WARN_SUSPICIOUS_MOVE = YES;
				CLANG_WARN_UNGUARDED_AVAILABILITY = YES_AGGRESSIVE;
				CLANG_WARN_UNREACHABLE_CODE = YES;
				CLANG_WARN__DUPLICATE_METHOD_MATCH = YES;
				COPY_PHASE_STRIP = NO;
				DEBUG_INFORMATION_FORMAT = dwarf;
				ENABLE_STRICT_OBJC_MSGSEND = YES;
				ENABLE_TESTABILITY = YES;
				GCC_C_LANGUAGE_STANDARD = gnu11;
				GCC_DYNAMIC_NO_PIC = NO;
				GCC_NO_COMMON_BLOCKS = YES;
				GCC_OPTIMIZATION_LEVEL = 0;
				GCC_PREPROCESSOR_DEFINITIONS = (
					"DEBUG=1",
					"$(inherited)",
				);
				GCC_WARN_64_TO_32_BIT_CONVERSION = YES;
				GCC_WARN_ABOUT_RETURN_TYPE = YES_ERROR;
				GCC_WARN_UNDECLARED_SELECTOR = YES;
				GCC_WARN_UNINITIALIZED_AUTOS = YES_AGGRESSIVE;
				GCC_WARN_UNUSED_FUNCTION = YES;
				GCC_WARN_UNUSED_VARIABLE = YES;
				IPHONEOS_DEPLOYMENT_TARGET = 15.2;
				MTL_ENABLE_DEBUG_INFO = INCLUDE_SOURCE;
				MTL_FAST_MATH = YES;
				ONLY_ACTIVE_ARCH = YES;
				SDKROOT = iphoneos;
				SWIFT_ACTIVE_COMPILATION_CONDITIONS = DEBUG;
				SWIFT_OPTIMIZATION_LEVEL = "-Onone";
			};
			name = Debug;
		};
		4718B30327ACBD2C00B15279 /* Release */ = {
			isa = XCBuildConfiguration;
			buildSettings = {
				ALWAYS_SEARCH_USER_PATHS = NO;
				CLANG_ANALYZER_NONNULL = YES;
				CLANG_ANALYZER_NUMBER_OBJECT_CONVERSION = YES_AGGRESSIVE;
				CLANG_CXX_LANGUAGE_STANDARD = "gnu++17";
				CLANG_CXX_LIBRARY = "libc++";
				CLANG_ENABLE_MODULES = YES;
				CLANG_ENABLE_OBJC_ARC = YES;
				CLANG_ENABLE_OBJC_WEAK = YES;
				CLANG_WARN_BLOCK_CAPTURE_AUTORELEASING = YES;
				CLANG_WARN_BOOL_CONVERSION = YES;
				CLANG_WARN_COMMA = YES;
				CLANG_WARN_CONSTANT_CONVERSION = YES;
				CLANG_WARN_DEPRECATED_OBJC_IMPLEMENTATIONS = YES;
				CLANG_WARN_DIRECT_OBJC_ISA_USAGE = YES_ERROR;
				CLANG_WARN_DOCUMENTATION_COMMENTS = YES;
				CLANG_WARN_EMPTY_BODY = YES;
				CLANG_WARN_ENUM_CONVERSION = YES;
				CLANG_WARN_INFINITE_RECURSION = YES;
				CLANG_WARN_INT_CONVERSION = YES;
				CLANG_WARN_NON_LITERAL_NULL_CONVERSION = YES;
				CLANG_WARN_OBJC_IMPLICIT_RETAIN_SELF = YES;
				CLANG_WARN_OBJC_LITERAL_CONVERSION = YES;
				CLANG_WARN_OBJC_ROOT_CLASS = YES_ERROR;
				CLANG_WARN_QUOTED_INCLUDE_IN_FRAMEWORK_HEADER = YES;
				CLANG_WARN_RANGE_LOOP_ANALYSIS = YES;
				CLANG_WARN_STRICT_PROTOTYPES = YES;
				CLANG_WARN_SUSPICIOUS_MOVE = YES;
				CLANG_WARN_UNGUARDED_AVAILABILITY = YES_AGGRESSIVE;
				CLANG_WARN_UNREACHABLE_CODE = YES;
				CLANG_WARN__DUPLICATE_METHOD_MATCH = YES;
				COPY_PHASE_STRIP = NO;
				DEBUG_INFORMATION_FORMAT = "dwarf-with-dsym";
				ENABLE_NS_ASSERTIONS = NO;
				ENABLE_STRICT_OBJC_MSGSEND = YES;
				GCC_C_LANGUAGE_STANDARD = gnu11;
				GCC_NO_COMMON_BLOCKS = YES;
				GCC_WARN_64_TO_32_BIT_CONVERSION = YES;
				GCC_WARN_ABOUT_RETURN_TYPE = YES_ERROR;
				GCC_WARN_UNDECLARED_SELECTOR = YES;
				GCC_WARN_UNINITIALIZED_AUTOS = YES_AGGRESSIVE;
				GCC_WARN_UNUSED_FUNCTION = YES;
				GCC_WARN_UNUSED_VARIABLE = YES;
				IPHONEOS_DEPLOYMENT_TARGET = 15.2;
				MTL_ENABLE_DEBUG_INFO = NO;
				MTL_FAST_MATH = YES;
				SDKROOT = iphoneos;
				SWIFT_COMPILATION_MODE = wholemodule;
				SWIFT_OPTIMIZATION_LEVEL = "-O";
				VALIDATE_PRODUCT = YES;
			};
			name = Release;
		};
		4718B30527ACBD2C00B15279 /* Debug */ = {
			isa = XCBuildConfiguration;
			buildSettings = {
				ASSETCATALOG_COMPILER_APPICON_NAME = AppIcon;
				ASSETCATALOG_COMPILER_GLOBAL_ACCENT_COLOR_NAME = AccentColor;
				CODE_SIGN_STYLE = Automatic;
				CURRENT_PROJECT_VERSION = 1;
				DEVELOPMENT_ASSET_PATHS = "\"UI-448/Preview Content\"";
				DEVELOPMENT_TEAM = 8CL4U468K5;
				ENABLE_PREVIEWS = YES;
				GENERATE_INFOPLIST_FILE = YES;
				INFOPLIST_KEY_LSApplicationCategoryType = "";
				INFOPLIST_KEY_NSPhotoLibraryUsageDescription = "";
				INFOPLIST_KEY_UIApplicationSceneManifest_Generation = YES;
				INFOPLIST_KEY_UIApplicationSupportsIndirectInputEvents = YES;
				INFOPLIST_KEY_UILaunchScreen_Generation = YES;
				INFOPLIST_KEY_UISupportedInterfaceOrientations_iPad = "UIInterfaceOrientationPortrait UIInterfaceOrientationPortraitUpsideDown UIInterfaceOrientationLandscapeLeft UIInterfaceOrientationLandscapeRight";
				INFOPLIST_KEY_UISupportedInterfaceOrientations_iPhone = "UIInterfaceOrientationPortrait UIInterfaceOrientationLandscapeLeft UIInterfaceOrientationLandscapeRight";
				LD_RUNPATH_SEARCH_PATHS = (
					"$(inherited)",
					"@executable_path/Frameworks",
				);
				MARKETING_VERSION = 1.0;
				PRODUCT_BUNDLE_IDENTIFIER = "com.585.UI-448";
				PRODUCT_NAME = "$(TARGET_NAME)";
				SWIFT_EMIT_LOC_STRINGS = YES;
				SWIFT_VERSION = 5.0;
				TARGETED_DEVICE_FAMILY = "1,2";
			};
			name = Debug;
		};
		4718B30627ACBD2C00B15279 /* Release */ = {
			isa = XCBuildConfiguration;
			buildSettings = {
				ASSETCATALOG_COMPILER_APPICON_NAME = AppIcon;
				ASSETCATALOG_COMPILER_GLOBAL_ACCENT_COLOR_NAME = AccentColor;
				CODE_SIGN_STYLE = Automatic;
				CURRENT_PROJECT_VERSION = 1;
				DEVELOPMENT_ASSET_PATHS = "\"UI-448/Preview Content\"";
				DEVELOPMENT_TEAM = 8CL4U468K5;
				ENABLE_PREVIEWS = YES;
				GENERATE_INFOPLIST_FILE = YES;
				INFOPLIST_KEY_LSApplicationCategoryType = "";
				INFOPLIST_KEY_NSPhotoLibraryUsageDescription = "";
				INFOPLIST_KEY_UIApplicationSceneManifest_Generation = YES;
				INFOPLIST_KEY_UIApplicationSupportsIndirectInputEvents = YES;
				INFOPLIST_KEY_UILaunchScreen_Generation = YES;
				INFOPLIST_KEY_UISupportedInterfaceOrientations_iPad = "UIInterfaceOrientationPortrait UIInterfaceOrientationPortraitUpsideDown UIInterfaceOrientationLandscapeLeft UIInterfaceOrientationLandscapeRight";
				INFOPLIST_KEY_UISupportedInterfaceOrientations_iPhone = "UIInterfaceOrientationPortrait UIInterfaceOrientationLandscapeLeft UIInterfaceOrientationLandscapeRight";
				LD_RUNPATH_SEARCH_PATHS = (
					"$(inherited)",
					"@executable_path/Frameworks",
				);
				MARKETING_VERSION = 1.0;
				PRODUCT_BUNDLE_IDENTIFIER = "com.585.UI-448";
				PRODUCT_NAME = "$(TARGET_NAME)";
				SWIFT_EMIT_LOC_STRINGS = YES;
				SWIFT_VERSION = 5.0;
				TARGETED_DEVICE_FAMILY = "1,2";
			};
			name = Release;
		};
		4718B30827ACBD2C00B15279 /* Debug */ = {
			isa = XCBuildConfiguration;
			buildSettings = {
				ALWAYS_EMBED_SWIFT_STANDARD_LIBRARIES = YES;
				BUNDLE_LOADER = "$(TEST_HOST)";
				CODE_SIGN_STYLE = Automatic;
				CURRENT_PROJECT_VERSION = 1;
				DEVELOPMENT_TEAM = 8CL4U468K5;
				GENERATE_INFOPLIST_FILE = YES;
				IPHONEOS_DEPLOYMENT_TARGET = 15.2;
				MARKETING_VERSION = 1.0;
				PRODUCT_BUNDLE_IDENTIFIER = "com.585.UI-448Tests";
				PRODUCT_NAME = "$(TARGET_NAME)";
				SWIFT_EMIT_LOC_STRINGS = NO;
				SWIFT_VERSION = 5.0;
				TARGETED_DEVICE_FAMILY = "1,2";
				TEST_HOST = "$(BUILT_PRODUCTS_DIR)/UI-448.app/UI-448";
			};
			name = Debug;
		};
		4718B30927ACBD2C00B15279 /* Release */ = {
			isa = XCBuildConfiguration;
			buildSettings = {
				ALWAYS_EMBED_SWIFT_STANDARD_LIBRARIES = YES;
				BUNDLE_LOADER = "$(TEST_HOST)";
				CODE_SIGN_STYLE = Automatic;
				CURRENT_PROJECT_VERSION = 1;
				DEVELOPMENT_TEAM = 8CL4U468K5;
				GENERATE_INFOPLIST_FILE = YES;
				IPHONEOS_DEPLOYMENT_TARGET = 15.2;
				MARKETING_VERSION = 1.0;
				PRODUCT_BUNDLE_IDENTIFIER = "com.585.UI-448Tests";
				PRODUCT_NAME = "$(TARGET_NAME)";
				SWIFT_EMIT_LOC_STRINGS = NO;
				SWIFT_VERSION = 5.0;
				TARGETED_DEVICE_FAMILY = "1,2";
				TEST_HOST = "$(BUILT_PRODUCTS_DIR)/UI-448.app/UI-448";
			};
			name = Release;
		};
		4718B30B27ACBD2C00B15279 /* Debug */ = {
			isa = XCBuildConfiguration;
			buildSettings = {
				ALWAYS_EMBED_SWIFT_STANDARD_LIBRARIES = YES;
				CODE_SIGN_STYLE = Automatic;
				CURRENT_PROJECT_VERSION = 1;
				DEVELOPMENT_TEAM = 8CL4U468K5;
				GENERATE_INFOPLIST_FILE = YES;
				MARKETING_VERSION = 1.0;
				PRODUCT_BUNDLE_IDENTIFIER = "com.585.UI-448UITests";
				PRODUCT_NAME = "$(TARGET_NAME)";
				SWIFT_EMIT_LOC_STRINGS = NO;
				SWIFT_VERSION = 5.0;
				TARGETED_DEVICE_FAMILY = "1,2";
				TEST_TARGET_NAME = "UI-448";
			};
			name = Debug;
		};
		4718B30C27ACBD2C00B15279 /* Release */ = {
			isa = XCBuildConfiguration;
			buildSettings = {
				ALWAYS_EMBED_SWIFT_STANDARD_LIBRARIES = YES;
				CODE_SIGN_STYLE = Automatic;
				CURRENT_PROJECT_VERSION = 1;
				DEVELOPMENT_TEAM = 8CL4U468K5;
				GENERATE_INFOPLIST_FILE = YES;
				MARKETING_VERSION = 1.0;
				PRODUCT_BUNDLE_IDENTIFIER = "com.585.UI-448UITests";
				PRODUCT_NAME = "$(TARGET_NAME)";
				SWIFT_EMIT_LOC_STRINGS = NO;
				SWIFT_VERSION = 5.0;
				TARGETED_DEVICE_FAMILY = "1,2";
				TEST_TARGET_NAME = "UI-448";
			};
			name = Release;
		};
/* End XCBuildConfiguration section */

/* Begin XCConfigurationList section */
		4718B2DB27ACBD2B00B15279 /* Build configuration list for PBXProject "UI-448" */ = {
			isa = XCConfigurationList;
			buildConfigurations = (
				4718B30227ACBD2C00B15279 /* Debug */,
				4718B30327ACBD2C00B15279 /* Release */,
			);
			defaultConfigurationIsVisible = 0;
			defaultConfigurationName = Release;
		};
		4718B30427ACBD2C00B15279 /* Build configuration list for PBXNativeTarget "UI-448" */ = {
			isa = XCConfigurationList;
			buildConfigurations = (
				4718B30527ACBD2C00B15279 /* Debug */,
				4718B30627ACBD2C00B15279 /* Release */,
			);
			defaultConfigurationIsVisible = 0;
			defaultConfigurationName = Release;
		};
		4718B30727ACBD2C00B15279 /* Build configuration list for PBXNativeTarget "UI-448Tests" */ = {
			isa = XCConfigurationList;
			buildConfigurations = (
				4718B30827ACBD2C00B15279 /* Debug */,
				4718B30927ACBD2C00B15279 /* Release */,
			);
			defaultConfigurationIsVisible = 0;
			defaultConfigurationName = Release;
		};
		4718B30A27ACBD2C00B15279 /* Build configuration list for PBXNativeTarget "UI-448UITests" */ = {
			isa = XCConfigurationList;
			buildConfigurations = (
				4718B30B27ACBD2C00B15279 /* Debug */,
				4718B30C27ACBD2C00B15279 /* Release */,
			);
			defaultConfigurationIsVisible = 0;
			defaultConfigurationName = Release;
		};
/* End XCConfigurationList section */
	};
	rootObject = 4718B2D827ACBD2B00B15279 /* Project object */;
}
